// !$*UTF8*$!
{
	archiveVersion = 1;
	classes = {
	};
	objectVersion = 48;
	objects = {

/* Begin PBXBuildFile section */
		92BB94F0C1834079C3140C4C /* Pods_SlackCloneTests.framework in Frameworks */ = {isa = PBXBuildFile; fileRef = 468208D2115345910C96F613 /* Pods_SlackCloneTests.framework */; };
		9805B9211FF9A6C600625257 /* AuthService.swift in Sources */ = {isa = PBXBuildFile; fileRef = 9805B9201FF9A6C600625257 /* AuthService.swift */; };
		9805B9231FF9B87700625257 /* RoundedButton.swift in Sources */ = {isa = PBXBuildFile; fileRef = 9805B9221FF9B87700625257 /* RoundedButton.swift */; };
		9805B9251FF9CCB400625257 /* UserDataService.swift in Sources */ = {isa = PBXBuildFile; fileRef = 9805B9241FF9CCB400625257 /* UserDataService.swift */; };
		984750A11FF6F8D90086C8EA /* Constants.swift in Sources */ = {isa = PBXBuildFile; fileRef = 984750A01FF6F8D90086C8EA /* Constants.swift */; };
		984750A31FF83C620086C8EA /* LoginVC.swift in Sources */ = {isa = PBXBuildFile; fileRef = 984750A21FF83C620086C8EA /* LoginVC.swift */; };
		984750A51FF83E4D0086C8EA /* CreateAccountVC.swift in Sources */ = {isa = PBXBuildFile; fileRef = 984750A41FF83E4D0086C8EA /* CreateAccountVC.swift */; };
		9855BCEB1FFAD8E7004ACEE9 /* AvatarPickerVC.swift in Sources */ = {isa = PBXBuildFile; fileRef = 9855BCEA1FFAD8E7004ACEE9 /* AvatarPickerVC.swift */; };
		9855BCED1FFADA8A004ACEE9 /* AvatarCell.swift in Sources */ = {isa = PBXBuildFile; fileRef = 9855BCEC1FFADA8A004ACEE9 /* AvatarCell.swift */; };
		9855BCEF1FFAEB27004ACEE9 /* CircleImage.swift in Sources */ = {isa = PBXBuildFile; fileRef = 9855BCEE1FFAEB27004ACEE9 /* CircleImage.swift */; };
		9855BCF21FFB1B53004ACEE9 /* ProfileVC.swift in Sources */ = {isa = PBXBuildFile; fileRef = 9855BCF01FFB1B52004ACEE9 /* ProfileVC.swift */; };
		9855BCF31FFB1B53004ACEE9 /* ProfileVC.xib in Resources */ = {isa = PBXBuildFile; fileRef = 9855BCF11FFB1B52004ACEE9 /* ProfileVC.xib */; };
		98E224A11FF5C20B00D5443F /* AppDelegate.swift in Sources */ = {isa = PBXBuildFile; fileRef = 98E224A01FF5C20B00D5443F /* AppDelegate.swift */; };
		98E224A61FF5C20B00D5443F /* Main.storyboard in Resources */ = {isa = PBXBuildFile; fileRef = 98E224A41FF5C20B00D5443F /* Main.storyboard */; };
		98E224A81FF5C20B00D5443F /* Assets.xcassets in Resources */ = {isa = PBXBuildFile; fileRef = 98E224A71FF5C20B00D5443F /* Assets.xcassets */; };
		98E224AB1FF5C20B00D5443F /* LaunchScreen.storyboard in Resources */ = {isa = PBXBuildFile; fileRef = 98E224A91FF5C20B00D5443F /* LaunchScreen.storyboard */; };
		98E224B61FF5C20B00D5443F /* SlackCloneTests.swift in Sources */ = {isa = PBXBuildFile; fileRef = 98E224B51FF5C20B00D5443F /* SlackCloneTests.swift */; };
		98E224C11FF5C20B00D5443F /* SlackCloneUITests.swift in Sources */ = {isa = PBXBuildFile; fileRef = 98E224C01FF5C20B00D5443F /* SlackCloneUITests.swift */; };
		98E224D21FF5CBBC00D5443F /* SWRevealViewController.m in Sources */ = {isa = PBXBuildFile; fileRef = 98E224D01FF5CBBB00D5443F /* SWRevealViewController.m */; };
		98E224D71FF5D19100D5443F /* ChatVC.swift in Sources */ = {isa = PBXBuildFile; fileRef = 98E224D61FF5D19100D5443F /* ChatVC.swift */; };
		98E224D91FF5D19F00D5443F /* ChannelVC.swift in Sources */ = {isa = PBXBuildFile; fileRef = 98E224D81FF5D19F00D5443F /* ChannelVC.swift */; };
		98E224DB1FF5DAA600D5443F /* GradientView.swift in Sources */ = {isa = PBXBuildFile; fileRef = 98E224DA1FF5DAA600D5443F /* GradientView.swift */; };
		A50D198D6C5DC14F1CEE6061 /* Pods_SlackCloneUITests.framework in Frameworks */ = {isa = PBXBuildFile; fileRef = 501224400C6DDDAF15818160 /* Pods_SlackCloneUITests.framework */; };
		A9462B79F6A7F46755EF7B7E /* Pods_SlackClone.framework in Frameworks */ = {isa = PBXBuildFile; fileRef = EC5E51ED080AB27560C3CD62 /* Pods_SlackClone.framework */; };
/* End PBXBuildFile section */

/* Begin PBXContainerItemProxy section */
		98E224B21FF5C20B00D5443F /* PBXContainerItemProxy */ = {
			isa = PBXContainerItemProxy;
			containerPortal = 98E224951FF5C20A00D5443F /* Project object */;
			proxyType = 1;
			remoteGlobalIDString = 98E2249C1FF5C20A00D5443F;
			remoteInfo = SlackClone;
		};
		98E224BD1FF5C20B00D5443F /* PBXContainerItemProxy */ = {
			isa = PBXContainerItemProxy;
			containerPortal = 98E224951FF5C20A00D5443F /* Project object */;
			proxyType = 1;
			remoteGlobalIDString = 98E2249C1FF5C20A00D5443F;
			remoteInfo = SlackClone;
		};
/* End PBXContainerItemProxy section */

/* Begin PBXFileReference section */
		0F392A79A5ED37CD4985A6C4 /* Pods-SlackClone.debug.xcconfig */ = {isa = PBXFileReference; includeInIndex = 1; lastKnownFileType = text.xcconfig; name = "Pods-SlackClone.debug.xcconfig"; path = "Pods/Target Support Files/Pods-SlackClone/Pods-SlackClone.debug.xcconfig"; sourceTree = "<group>"; };
		468208D2115345910C96F613 /* Pods_SlackCloneTests.framework */ = {isa = PBXFileReference; explicitFileType = wrapper.framework; includeInIndex = 0; path = Pods_SlackCloneTests.framework; sourceTree = BUILT_PRODUCTS_DIR; };
		501224400C6DDDAF15818160 /* Pods_SlackCloneUITests.framework */ = {isa = PBXFileReference; explicitFileType = wrapper.framework; includeInIndex = 0; path = Pods_SlackCloneUITests.framework; sourceTree = BUILT_PRODUCTS_DIR; };
		65C00978C49E1522FE2C6AF2 /* Pods-SlackClone.release.xcconfig */ = {isa = PBXFileReference; includeInIndex = 1; lastKnownFileType = text.xcconfig; name = "Pods-SlackClone.release.xcconfig"; path = "Pods/Target Support Files/Pods-SlackClone/Pods-SlackClone.release.xcconfig"; sourceTree = "<group>"; };
		9805B9201FF9A6C600625257 /* AuthService.swift */ = {isa = PBXFileReference; lastKnownFileType = sourcecode.swift; path = AuthService.swift; sourceTree = "<group>"; };
		9805B9221FF9B87700625257 /* RoundedButton.swift */ = {isa = PBXFileReference; lastKnownFileType = sourcecode.swift; path = RoundedButton.swift; sourceTree = "<group>"; };
		9805B9241FF9CCB400625257 /* UserDataService.swift */ = {isa = PBXFileReference; lastKnownFileType = sourcecode.swift; path = UserDataService.swift; sourceTree = "<group>"; };
		984750A01FF6F8D90086C8EA /* Constants.swift */ = {isa = PBXFileReference; lastKnownFileType = sourcecode.swift; path = Constants.swift; sourceTree = "<group>"; };
		984750A21FF83C620086C8EA /* LoginVC.swift */ = {isa = PBXFileReference; lastKnownFileType = sourcecode.swift; path = LoginVC.swift; sourceTree = "<group>"; };
		984750A41FF83E4D0086C8EA /* CreateAccountVC.swift */ = {isa = PBXFileReference; lastKnownFileType = sourcecode.swift; path = CreateAccountVC.swift; sourceTree = "<group>"; };
		9855BCEA1FFAD8E7004ACEE9 /* AvatarPickerVC.swift */ = {isa = PBXFileReference; lastKnownFileType = sourcecode.swift; path = AvatarPickerVC.swift; sourceTree = "<group>"; };
		9855BCEC1FFADA8A004ACEE9 /* AvatarCell.swift */ = {isa = PBXFileReference; lastKnownFileType = sourcecode.swift; path = AvatarCell.swift; sourceTree = "<group>"; };
		9855BCEE1FFAEB27004ACEE9 /* CircleImage.swift */ = {isa = PBXFileReference; lastKnownFileType = sourcecode.swift; path = CircleImage.swift; sourceTree = "<group>"; };
		9855BCF01FFB1B52004ACEE9 /* ProfileVC.swift */ = {isa = PBXFileReference; lastKnownFileType = sourcecode.swift; path = ProfileVC.swift; sourceTree = "<group>"; };
		9855BCF11FFB1B52004ACEE9 /* ProfileVC.xib */ = {isa = PBXFileReference; lastKnownFileType = file.xib; path = ProfileVC.xib; sourceTree = "<group>"; };
		98E2249D1FF5C20B00D5443F /* SlackClone.app */ = {isa = PBXFileReference; explicitFileType = wrapper.application; includeInIndex = 0; path = SlackClone.app; sourceTree = BUILT_PRODUCTS_DIR; };
		98E224A01FF5C20B00D5443F /* AppDelegate.swift */ = {isa = PBXFileReference; lastKnownFileType = sourcecode.swift; path = AppDelegate.swift; sourceTree = "<group>"; };
		98E224A51FF5C20B00D5443F /* Base */ = {isa = PBXFileReference; lastKnownFileType = file.storyboard; name = Base; path = Base.lproj/Main.storyboard; sourceTree = "<group>"; };
		98E224A71FF5C20B00D5443F /* Assets.xcassets */ = {isa = PBXFileReference; lastKnownFileType = folder.assetcatalog; path = Assets.xcassets; sourceTree = "<group>"; };
		98E224AA1FF5C20B00D5443F /* Base */ = {isa = PBXFileReference; lastKnownFileType = file.storyboard; name = Base; path = Base.lproj/LaunchScreen.storyboard; sourceTree = "<group>"; };
		98E224AC1FF5C20B00D5443F /* Info.plist */ = {isa = PBXFileReference; lastKnownFileType = text.plist.xml; path = Info.plist; sourceTree = "<group>"; };
		98E224B11FF5C20B00D5443F /* SlackCloneTests.xctest */ = {isa = PBXFileReference; explicitFileType = wrapper.cfbundle; includeInIndex = 0; path = SlackCloneTests.xctest; sourceTree = BUILT_PRODUCTS_DIR; };
		98E224B51FF5C20B00D5443F /* SlackCloneTests.swift */ = {isa = PBXFileReference; lastKnownFileType = sourcecode.swift; path = SlackCloneTests.swift; sourceTree = "<group>"; };
		98E224B71FF5C20B00D5443F /* Info.plist */ = {isa = PBXFileReference; lastKnownFileType = text.plist.xml; path = Info.plist; sourceTree = "<group>"; };
		98E224BC1FF5C20B00D5443F /* SlackCloneUITests.xctest */ = {isa = PBXFileReference; explicitFileType = wrapper.cfbundle; includeInIndex = 0; path = SlackCloneUITests.xctest; sourceTree = BUILT_PRODUCTS_DIR; };
		98E224C01FF5C20B00D5443F /* SlackCloneUITests.swift */ = {isa = PBXFileReference; lastKnownFileType = sourcecode.swift; path = SlackCloneUITests.swift; sourceTree = "<group>"; };
		98E224C21FF5C20B00D5443F /* Info.plist */ = {isa = PBXFileReference; lastKnownFileType = text.plist.xml; path = Info.plist; sourceTree = "<group>"; };
		98E224CF1FF5CBBA00D5443F /* SlackClone-Bridging-Header.h */ = {isa = PBXFileReference; lastKnownFileType = sourcecode.c.h; path = "SlackClone-Bridging-Header.h"; sourceTree = "<group>"; };
		98E224D01FF5CBBB00D5443F /* SWRevealViewController.m */ = {isa = PBXFileReference; fileEncoding = 4; lastKnownFileType = sourcecode.c.objc; path = SWRevealViewController.m; sourceTree = "<group>"; };
		98E224D11FF5CBBB00D5443F /* SWRevealViewController.h */ = {isa = PBXFileReference; fileEncoding = 4; lastKnownFileType = sourcecode.c.h; path = SWRevealViewController.h; sourceTree = "<group>"; };
		98E224D61FF5D19100D5443F /* ChatVC.swift */ = {isa = PBXFileReference; lastKnownFileType = sourcecode.swift; path = ChatVC.swift; sourceTree = "<group>"; };
		98E224D81FF5D19F00D5443F /* ChannelVC.swift */ = {isa = PBXFileReference; lastKnownFileType = sourcecode.swift; path = ChannelVC.swift; sourceTree = "<group>"; };
		98E224DA1FF5DAA600D5443F /* GradientView.swift */ = {isa = PBXFileReference; lastKnownFileType = sourcecode.swift; path = GradientView.swift; sourceTree = "<group>"; };
		A1C236C21E93240E5224B4C8 /* Pods-SlackCloneUITests.debug.xcconfig */ = {isa = PBXFileReference; includeInIndex = 1; lastKnownFileType = text.xcconfig; name = "Pods-SlackCloneUITests.debug.xcconfig"; path = "Pods/Target Support Files/Pods-SlackCloneUITests/Pods-SlackCloneUITests.debug.xcconfig"; sourceTree = "<group>"; };
		C32AA68247DCED0F6FAC38A0 /* Pods-SlackCloneUITests.release.xcconfig */ = {isa = PBXFileReference; includeInIndex = 1; lastKnownFileType = text.xcconfig; name = "Pods-SlackCloneUITests.release.xcconfig"; path = "Pods/Target Support Files/Pods-SlackCloneUITests/Pods-SlackCloneUITests.release.xcconfig"; sourceTree = "<group>"; };
		E9CB75A3D12DB56E32DF9DDB /* Pods-SlackCloneTests.debug.xcconfig */ = {isa = PBXFileReference; includeInIndex = 1; lastKnownFileType = text.xcconfig; name = "Pods-SlackCloneTests.debug.xcconfig"; path = "Pods/Target Support Files/Pods-SlackCloneTests/Pods-SlackCloneTests.debug.xcconfig"; sourceTree = "<group>"; };
		EC5E51ED080AB27560C3CD62 /* Pods_SlackClone.framework */ = {isa = PBXFileReference; explicitFileType = wrapper.framework; includeInIndex = 0; path = Pods_SlackClone.framework; sourceTree = BUILT_PRODUCTS_DIR; };
		F7F0C286E239E2CB68E2E16A /* Pods-SlackCloneTests.release.xcconfig */ = {isa = PBXFileReference; includeInIndex = 1; lastKnownFileType = text.xcconfig; name = "Pods-SlackCloneTests.release.xcconfig"; path = "Pods/Target Support Files/Pods-SlackCloneTests/Pods-SlackCloneTests.release.xcconfig"; sourceTree = "<group>"; };
/* End PBXFileReference section */

/* Begin PBXFrameworksBuildPhase section */
		98E2249A1FF5C20A00D5443F /* Frameworks */ = {
			isa = PBXFrameworksBuildPhase;
			buildActionMask = 2147483647;
			files = (
				A9462B79F6A7F46755EF7B7E /* Pods_SlackClone.framework in Frameworks */,
			);
			runOnlyForDeploymentPostprocessing = 0;
		};
		98E224AE1FF5C20B00D5443F /* Frameworks */ = {
			isa = PBXFrameworksBuildPhase;
			buildActionMask = 2147483647;
			files = (
				92BB94F0C1834079C3140C4C /* Pods_SlackCloneTests.framework in Frameworks */,
			);
			runOnlyForDeploymentPostprocessing = 0;
		};
		98E224B91FF5C20B00D5443F /* Frameworks */ = {
			isa = PBXFrameworksBuildPhase;
			buildActionMask = 2147483647;
			files = (
				A50D198D6C5DC14F1CEE6061 /* Pods_SlackCloneUITests.framework in Frameworks */,
			);
			runOnlyForDeploymentPostprocessing = 0;
		};
/* End PBXFrameworksBuildPhase section */

/* Begin PBXGroup section */
		6A5247B4685745421E760EE9 /* Frameworks */ = {
			isa = PBXGroup;
			children = (
				EC5E51ED080AB27560C3CD62 /* Pods_SlackClone.framework */,
				468208D2115345910C96F613 /* Pods_SlackCloneTests.framework */,
				501224400C6DDDAF15818160 /* Pods_SlackCloneUITests.framework */,
			);
			name = Frameworks;
			sourceTree = "<group>";
		};
		9805B91F1FF9A6B000625257 /* Services */ = {
			isa = PBXGroup;
			children = (
				9805B9201FF9A6C600625257 /* AuthService.swift */,
				9805B9241FF9CCB400625257 /* UserDataService.swift */,
			);
			path = Services;
			sourceTree = "<group>";
		};
		9847509F1FF6F8AF0086C8EA /* Utilities */ = {
			isa = PBXGroup;
			children = (
				984750A01FF6F8D90086C8EA /* Constants.swift */,
			);
			path = Utilities;
			sourceTree = "<group>";
		};
		9855BCF41FFB1B75004ACEE9 /* XIBs */ = {
			isa = PBXGroup;
			children = (
				9855BCF11FFB1B52004ACEE9 /* ProfileVC.xib */,
			);
			path = XIBs;
			sourceTree = "<group>";
		};
		98E224941FF5C20A00D5443F = {
			isa = PBXGroup;
			children = (
				98E2249F1FF5C20B00D5443F /* SlackClone */,
				98E224B41FF5C20B00D5443F /* SlackCloneTests */,
				98E224BF1FF5C20B00D5443F /* SlackCloneUITests */,
				98E2249E1FF5C20B00D5443F /* Products */,
				9ADB88316DC095C7B3E0CEDE /* Pods */,
				6A5247B4685745421E760EE9 /* Frameworks */,
			);
			sourceTree = "<group>";
		};
		98E2249E1FF5C20B00D5443F /* Products */ = {
			isa = PBXGroup;
			children = (
				98E2249D1FF5C20B00D5443F /* SlackClone.app */,
				98E224B11FF5C20B00D5443F /* SlackCloneTests.xctest */,
				98E224BC1FF5C20B00D5443F /* SlackCloneUITests.xctest */,
			);
			name = Products;
			sourceTree = "<group>";
		};
		98E2249F1FF5C20B00D5443F /* SlackClone */ = {
			isa = PBXGroup;
			children = (
				9855BCF41FFB1B75004ACEE9 /* XIBs */,
				9805B91F1FF9A6B000625257 /* Services */,
				9847509F1FF6F8AF0086C8EA /* Utilities */,
				98E224D51FF5D16F00D5443F /* Model */,
				98E224D41FF5D16900D5443F /* View */,
				98E224D31FF5D16200D5443F /* Controller */,
				98E224CE1FF5CB7A00D5443F /* Supporting Files */,
				98E224A01FF5C20B00D5443F /* AppDelegate.swift */,
				98E224A41FF5C20B00D5443F /* Main.storyboard */,
				98E224A71FF5C20B00D5443F /* Assets.xcassets */,
				98E224A91FF5C20B00D5443F /* LaunchScreen.storyboard */,
				98E224AC1FF5C20B00D5443F /* Info.plist */,
			);
			path = SlackClone;
			sourceTree = "<group>";
		};
		98E224B41FF5C20B00D5443F /* SlackCloneTests */ = {
			isa = PBXGroup;
			children = (
				98E224B51FF5C20B00D5443F /* SlackCloneTests.swift */,
				98E224B71FF5C20B00D5443F /* Info.plist */,
			);
			path = SlackCloneTests;
			sourceTree = "<group>";
		};
		98E224BF1FF5C20B00D5443F /* SlackCloneUITests */ = {
			isa = PBXGroup;
			children = (
				98E224C01FF5C20B00D5443F /* SlackCloneUITests.swift */,
				98E224C21FF5C20B00D5443F /* Info.plist */,
			);
			path = SlackCloneUITests;
			sourceTree = "<group>";
		};
		98E224CE1FF5CB7A00D5443F /* Supporting Files */ = {
			isa = PBXGroup;
			children = (
				98E224D11FF5CBBB00D5443F /* SWRevealViewController.h */,
				98E224D01FF5CBBB00D5443F /* SWRevealViewController.m */,
				98E224CF1FF5CBBA00D5443F /* SlackClone-Bridging-Header.h */,
			);
			path = "Supporting Files";
			sourceTree = "<group>";
		};
		98E224D31FF5D16200D5443F /* Controller */ = {
			isa = PBXGroup;
			children = (
				98E224D61FF5D19100D5443F /* ChatVC.swift */,
				98E224D81FF5D19F00D5443F /* ChannelVC.swift */,
				984750A21FF83C620086C8EA /* LoginVC.swift */,
				984750A41FF83E4D0086C8EA /* CreateAccountVC.swift */,
				9855BCEA1FFAD8E7004ACEE9 /* AvatarPickerVC.swift */,
				9855BCF01FFB1B52004ACEE9 /* ProfileVC.swift */,
			);
			path = Controller;
			sourceTree = "<group>";
		};
		98E224D41FF5D16900D5443F /* View */ = {
			isa = PBXGroup;
			children = (
				98E224DA1FF5DAA600D5443F /* GradientView.swift */,
				9805B9221FF9B87700625257 /* RoundedButton.swift */,
				9855BCEC1FFADA8A004ACEE9 /* AvatarCell.swift */,
				9855BCEE1FFAEB27004ACEE9 /* CircleImage.swift */,
			);
			path = View;
			sourceTree = "<group>";
		};
		98E224D51FF5D16F00D5443F /* Model */ = {
			isa = PBXGroup;
			children = (
			);
			path = Model;
			sourceTree = "<group>";
		};
		9ADB88316DC095C7B3E0CEDE /* Pods */ = {
			isa = PBXGroup;
			children = (
				0F392A79A5ED37CD4985A6C4 /* Pods-SlackClone.debug.xcconfig */,
				65C00978C49E1522FE2C6AF2 /* Pods-SlackClone.release.xcconfig */,
				E9CB75A3D12DB56E32DF9DDB /* Pods-SlackCloneTests.debug.xcconfig */,
				F7F0C286E239E2CB68E2E16A /* Pods-SlackCloneTests.release.xcconfig */,
				A1C236C21E93240E5224B4C8 /* Pods-SlackCloneUITests.debug.xcconfig */,
				C32AA68247DCED0F6FAC38A0 /* Pods-SlackCloneUITests.release.xcconfig */,
			);
			name = Pods;
			sourceTree = "<group>";
		};
/* End PBXGroup section */

/* Begin PBXNativeTarget section */
		98E2249C1FF5C20A00D5443F /* SlackClone */ = {
			isa = PBXNativeTarget;
			buildConfigurationList = 98E224C51FF5C20B00D5443F /* Build configuration list for PBXNativeTarget "SlackClone" */;
			buildPhases = (
				AFE4411444C73B62A531D279 /* [CP] Check Pods Manifest.lock */,
				98E224991FF5C20A00D5443F /* Sources */,
				98E2249A1FF5C20A00D5443F /* Frameworks */,
				98E2249B1FF5C20A00D5443F /* Resources */,
				D26F4AADD65CE3FFF76434CC /* [CP] Embed Pods Frameworks */,
				7184D84F1730733C42EB059A /* [CP] Copy Pods Resources */,
			);
			buildRules = (
			);
			dependencies = (
			);
			name = SlackClone;
			productName = SlackClone;
			productReference = 98E2249D1FF5C20B00D5443F /* SlackClone.app */;
			productType = "com.apple.product-type.application";
		};
		98E224B01FF5C20B00D5443F /* SlackCloneTests */ = {
			isa = PBXNativeTarget;
			buildConfigurationList = 98E224C81FF5C20B00D5443F /* Build configuration list for PBXNativeTarget "SlackCloneTests" */;
			buildPhases = (
				ED4C9BF696AE96AF4857470B /* [CP] Check Pods Manifest.lock */,
				98E224AD1FF5C20B00D5443F /* Sources */,
				98E224AE1FF5C20B00D5443F /* Frameworks */,
				98E224AF1FF5C20B00D5443F /* Resources */,
				347BBBBC907E5123143C8EEF /* [CP] Embed Pods Frameworks */,
				E750BBE41CE42E5B29713C0E /* [CP] Copy Pods Resources */,
			);
			buildRules = (
			);
			dependencies = (
				98E224B31FF5C20B00D5443F /* PBXTargetDependency */,
			);
			name = SlackCloneTests;
			productName = SlackCloneTests;
			productReference = 98E224B11FF5C20B00D5443F /* SlackCloneTests.xctest */;
			productType = "com.apple.product-type.bundle.unit-test";
		};
		98E224BB1FF5C20B00D5443F /* SlackCloneUITests */ = {
			isa = PBXNativeTarget;
			buildConfigurationList = 98E224CB1FF5C20B00D5443F /* Build configuration list for PBXNativeTarget "SlackCloneUITests" */;
			buildPhases = (
				B248E2710C3AEB1EF15627D9 /* [CP] Check Pods Manifest.lock */,
				98E224B81FF5C20B00D5443F /* Sources */,
				98E224B91FF5C20B00D5443F /* Frameworks */,
				98E224BA1FF5C20B00D5443F /* Resources */,
				B4A0CDFA406C05B9690B42D8 /* [CP] Embed Pods Frameworks */,
				B9CA5AD797EAF4655B6F68FA /* [CP] Copy Pods Resources */,
			);
			buildRules = (
			);
			dependencies = (
				98E224BE1FF5C20B00D5443F /* PBXTargetDependency */,
			);
			name = SlackCloneUITests;
			productName = SlackCloneUITests;
			productReference = 98E224BC1FF5C20B00D5443F /* SlackCloneUITests.xctest */;
			productType = "com.apple.product-type.bundle.ui-testing";
		};
/* End PBXNativeTarget section */

/* Begin PBXProject section */
		98E224951FF5C20A00D5443F /* Project object */ = {
			isa = PBXProject;
			attributes = {
				LastSwiftUpdateCheck = 0920;
				LastUpgradeCheck = 0920;
				ORGANIZATIONNAME = "Mihai Ruber";
				TargetAttributes = {
					98E2249C1FF5C20A00D5443F = {
						CreatedOnToolsVersion = 9.2;
						LastSwiftMigration = 0920;
						ProvisioningStyle = Automatic;
					};
					98E224B01FF5C20B00D5443F = {
						CreatedOnToolsVersion = 9.2;
						ProvisioningStyle = Automatic;
						TestTargetID = 98E2249C1FF5C20A00D5443F;
					};
					98E224BB1FF5C20B00D5443F = {
						CreatedOnToolsVersion = 9.2;
						ProvisioningStyle = Automatic;
						TestTargetID = 98E2249C1FF5C20A00D5443F;
					};
				};
			};
			buildConfigurationList = 98E224981FF5C20A00D5443F /* Build configuration list for PBXProject "SlackClone" */;
			compatibilityVersion = "Xcode 8.0";
			developmentRegion = en;
			hasScannedForEncodings = 0;
			knownRegions = (
				en,
				Base,
			);
			mainGroup = 98E224941FF5C20A00D5443F;
			productRefGroup = 98E2249E1FF5C20B00D5443F /* Products */;
			projectDirPath = "";
			projectRoot = "";
			targets = (
				98E2249C1FF5C20A00D5443F /* SlackClone */,
				98E224B01FF5C20B00D5443F /* SlackCloneTests */,
				98E224BB1FF5C20B00D5443F /* SlackCloneUITests */,
			);
		};
/* End PBXProject section */

/* Begin PBXResourcesBuildPhase section */
		98E2249B1FF5C20A00D5443F /* Resources */ = {
			isa = PBXResourcesBuildPhase;
			buildActionMask = 2147483647;
			files = (
				9855BCF31FFB1B53004ACEE9 /* ProfileVC.xib in Resources */,
				98E224AB1FF5C20B00D5443F /* LaunchScreen.storyboard in Resources */,
				98E224A81FF5C20B00D5443F /* Assets.xcassets in Resources */,
				98E224A61FF5C20B00D5443F /* Main.storyboard in Resources */,
			);
			runOnlyForDeploymentPostprocessing = 0;
		};
		98E224AF1FF5C20B00D5443F /* Resources */ = {
			isa = PBXResourcesBuildPhase;
			buildActionMask = 2147483647;
			files = (
			);
			runOnlyForDeploymentPostprocessing = 0;
		};
		98E224BA1FF5C20B00D5443F /* Resources */ = {
			isa = PBXResourcesBuildPhase;
			buildActionMask = 2147483647;
			files = (
			);
			runOnlyForDeploymentPostprocessing = 0;
		};
/* End PBXResourcesBuildPhase section */

/* Begin PBXShellScriptBuildPhase section */
		347BBBBC907E5123143C8EEF /* [CP] Embed Pods Frameworks */ = {
			isa = PBXShellScriptBuildPhase;
			buildActionMask = 2147483647;
			files = (
			);
			inputPaths = (
			);
			name = "[CP] Embed Pods Frameworks";
			outputPaths = (
			);
			runOnlyForDeploymentPostprocessing = 0;
			shellPath = /bin/sh;
			shellScript = "\"${SRCROOT}/Pods/Target Support Files/Pods-SlackCloneTests/Pods-SlackCloneTests-frameworks.sh\"\n";
			showEnvVarsInLog = 0;
		};
		7184D84F1730733C42EB059A /* [CP] Copy Pods Resources */ = {
			isa = PBXShellScriptBuildPhase;
			buildActionMask = 2147483647;
			files = (
			);
			inputPaths = (
			);
			name = "[CP] Copy Pods Resources";
			outputPaths = (
			);
			runOnlyForDeploymentPostprocessing = 0;
			shellPath = /bin/sh;
			shellScript = "\"${SRCROOT}/Pods/Target Support Files/Pods-SlackClone/Pods-SlackClone-resources.sh\"\n";
			showEnvVarsInLog = 0;
		};
		AFE4411444C73B62A531D279 /* [CP] Check Pods Manifest.lock */ = {
			isa = PBXShellScriptBuildPhase;
			buildActionMask = 2147483647;
			files = (
			);
			inputPaths = (
				"${PODS_PODFILE_DIR_PATH}/Podfile.lock",
				"${PODS_ROOT}/Manifest.lock",
			);
			name = "[CP] Check Pods Manifest.lock";
			outputPaths = (
				"$(DERIVED_FILE_DIR)/Pods-SlackClone-checkManifestLockResult.txt",
			);
			runOnlyForDeploymentPostprocessing = 0;
			shellPath = /bin/sh;
			shellScript = "diff \"${PODS_PODFILE_DIR_PATH}/Podfile.lock\" \"${PODS_ROOT}/Manifest.lock\" > /dev/null\nif [ $? != 0 ] ; then\n    # print error to STDERR\n    echo \"error: The sandbox is not in sync with the Podfile.lock. Run 'pod install' or update your CocoaPods installation.\" >&2\n    exit 1\nfi\n# This output is used by Xcode 'outputs' to avoid re-running this script phase.\necho \"SUCCESS\" > \"${SCRIPT_OUTPUT_FILE_0}\"\n";
			showEnvVarsInLog = 0;
		};
		B248E2710C3AEB1EF15627D9 /* [CP] Check Pods Manifest.lock */ = {
			isa = PBXShellScriptBuildPhase;
			buildActionMask = 2147483647;
			files = (
			);
			inputPaths = (
				"${PODS_PODFILE_DIR_PATH}/Podfile.lock",
				"${PODS_ROOT}/Manifest.lock",
			);
			name = "[CP] Check Pods Manifest.lock";
			outputPaths = (
				"$(DERIVED_FILE_DIR)/Pods-SlackCloneUITests-checkManifestLockResult.txt",
			);
			runOnlyForDeploymentPostprocessing = 0;
			shellPath = /bin/sh;
			shellScript = "diff \"${PODS_PODFILE_DIR_PATH}/Podfile.lock\" \"${PODS_ROOT}/Manifest.lock\" > /dev/null\nif [ $? != 0 ] ; then\n    # print error to STDERR\n    echo \"error: The sandbox is not in sync with the Podfile.lock. Run 'pod install' or update your CocoaPods installation.\" >&2\n    exit 1\nfi\n# This output is used by Xcode 'outputs' to avoid re-running this script phase.\necho \"SUCCESS\" > \"${SCRIPT_OUTPUT_FILE_0}\"\n";
			showEnvVarsInLog = 0;
		};
		B4A0CDFA406C05B9690B42D8 /* [CP] Embed Pods Frameworks */ = {
			isa = PBXShellScriptBuildPhase;
			buildActionMask = 2147483647;
			files = (
			);
			inputPaths = (
			);
			name = "[CP] Embed Pods Frameworks";
			outputPaths = (
			);
			runOnlyForDeploymentPostprocessing = 0;
			shellPath = /bin/sh;
			shellScript = "\"${SRCROOT}/Pods/Target Support Files/Pods-SlackCloneUITests/Pods-SlackCloneUITests-frameworks.sh\"\n";
			showEnvVarsInLog = 0;
		};
		B9CA5AD797EAF4655B6F68FA /* [CP] Copy Pods Resources */ = {
			isa = PBXShellScriptBuildPhase;
			buildActionMask = 2147483647;
			files = (
			);
			inputPaths = (
			);
			name = "[CP] Copy Pods Resources";
			outputPaths = (
			);
			runOnlyForDeploymentPostprocessing = 0;
			shellPath = /bin/sh;
			shellScript = "\"${SRCROOT}/Pods/Target Support Files/Pods-SlackCloneUITests/Pods-SlackCloneUITests-resources.sh\"\n";
			showEnvVarsInLog = 0;
		};
		D26F4AADD65CE3FFF76434CC /* [CP] Embed Pods Frameworks */ = {
			isa = PBXShellScriptBuildPhase;
			buildActionMask = 2147483647;
			files = (
			);
			inputPaths = (
				"${SRCROOT}/Pods/Target Support Files/Pods-SlackClone/Pods-SlackClone-frameworks.sh",
				"${BUILT_PRODUCTS_DIR}/Alamofire/Alamofire.framework",
				"${BUILT_PRODUCTS_DIR}/Socket.IO-Client-Swift/SocketIO.framework",
				"${BUILT_PRODUCTS_DIR}/Starscream/Starscream.framework",
				"${BUILT_PRODUCTS_DIR}/SwiftyJSON/SwiftyJSON.framework",
			);
			name = "[CP] Embed Pods Frameworks";
			outputPaths = (
				"${TARGET_BUILD_DIR}/${FRAMEWORKS_FOLDER_PATH}/Alamofire.framework",
				"${TARGET_BUILD_DIR}/${FRAMEWORKS_FOLDER_PATH}/SocketIO.framework",
				"${TARGET_BUILD_DIR}/${FRAMEWORKS_FOLDER_PATH}/Starscream.framework",
				"${TARGET_BUILD_DIR}/${FRAMEWORKS_FOLDER_PATH}/SwiftyJSON.framework",
			);
			runOnlyForDeploymentPostprocessing = 0;
			shellPath = /bin/sh;
			shellScript = "\"${SRCROOT}/Pods/Target Support Files/Pods-SlackClone/Pods-SlackClone-frameworks.sh\"\n";
			showEnvVarsInLog = 0;
		};
		E750BBE41CE42E5B29713C0E /* [CP] Copy Pods Resources */ = {
			isa = PBXShellScriptBuildPhase;
			buildActionMask = 2147483647;
			files = (
			);
			inputPaths = (
			);
			name = "[CP] Copy Pods Resources";
			outputPaths = (
			);
			runOnlyForDeploymentPostprocessing = 0;
			shellPath = /bin/sh;
			shellScript = "\"${SRCROOT}/Pods/Target Support Files/Pods-SlackCloneTests/Pods-SlackCloneTests-resources.sh\"\n";
			showEnvVarsInLog = 0;
		};
		ED4C9BF696AE96AF4857470B /* [CP] Check Pods Manifest.lock */ = {
			isa = PBXShellScriptBuildPhase;
			buildActionMask = 2147483647;
			files = (
			);
			inputPaths = (
				"${PODS_PODFILE_DIR_PATH}/Podfile.lock",
				"${PODS_ROOT}/Manifest.lock",
			);
			name = "[CP] Check Pods Manifest.lock";
			outputPaths = (
				"$(DERIVED_FILE_DIR)/Pods-SlackCloneTests-checkManifestLockResult.txt",
			);
			runOnlyForDeploymentPostprocessing = 0;
			shellPath = /bin/sh;
			shellScript = "diff \"${PODS_PODFILE_DIR_PATH}/Podfile.lock\" \"${PODS_ROOT}/Manifest.lock\" > /dev/null\nif [ $? != 0 ] ; then\n    # print error to STDERR\n    echo \"error: The sandbox is not in sync with the Podfile.lock. Run 'pod install' or update your CocoaPods installation.\" >&2\n    exit 1\nfi\n# This output is used by Xcode 'outputs' to avoid re-running this script phase.\necho \"SUCCESS\" > \"${SCRIPT_OUTPUT_FILE_0}\"\n";
			showEnvVarsInLog = 0;
		};
/* End PBXShellScriptBuildPhase section */

/* Begin PBXSourcesBuildPhase section */
		98E224991FF5C20A00D5443F /* Sources */ = {
			isa = PBXSourcesBuildPhase;
			buildActionMask = 2147483647;
			files = (
				9855BCF21FFB1B53004ACEE9 /* ProfileVC.swift in Sources */,
				98E224D91FF5D19F00D5443F /* ChannelVC.swift in Sources */,
				9855BCEB1FFAD8E7004ACEE9 /* AvatarPickerVC.swift in Sources */,
				9805B9231FF9B87700625257 /* RoundedButton.swift in Sources */,
				9855BCEF1FFAEB27004ACEE9 /* CircleImage.swift in Sources */,
				98E224D71FF5D19100D5443F /* ChatVC.swift in Sources */,
				9805B9251FF9CCB400625257 /* UserDataService.swift in Sources */,
				984750A51FF83E4D0086C8EA /* CreateAccountVC.swift in Sources */,
				9805B9211FF9A6C600625257 /* AuthService.swift in Sources */,
				984750A31FF83C620086C8EA /* LoginVC.swift in Sources */,
				98E224DB1FF5DAA600D5443F /* GradientView.swift in Sources */,
				9855BCED1FFADA8A004ACEE9 /* AvatarCell.swift in Sources */,
				98E224A11FF5C20B00D5443F /* AppDelegate.swift in Sources */,
				98E224D21FF5CBBC00D5443F /* SWRevealViewController.m in Sources */,
				984750A11FF6F8D90086C8EA /* Constants.swift in Sources */,
			);
			runOnlyForDeploymentPostprocessing = 0;
		};
		98E224AD1FF5C20B00D5443F /* Sources */ = {
			isa = PBXSourcesBuildPhase;
			buildActionMask = 2147483647;
			files = (
				98E224B61FF5C20B00D5443F /* SlackCloneTests.swift in Sources */,
			);
			runOnlyForDeploymentPostprocessing = 0;
		};
		98E224B81FF5C20B00D5443F /* Sources */ = {
			isa = PBXSourcesBuildPhase;
			buildActionMask = 2147483647;
			files = (
				98E224C11FF5C20B00D5443F /* SlackCloneUITests.swift in Sources */,
			);
			runOnlyForDeploymentPostprocessing = 0;
		};
/* End PBXSourcesBuildPhase section */

/* Begin PBXTargetDependency section */
		98E224B31FF5C20B00D5443F /* PBXTargetDependency */ = {
			isa = PBXTargetDependency;
			target = 98E2249C1FF5C20A00D5443F /* SlackClone */;
			targetProxy = 98E224B21FF5C20B00D5443F /* PBXContainerItemProxy */;
		};
		98E224BE1FF5C20B00D5443F /* PBXTargetDependency */ = {
			isa = PBXTargetDependency;
			target = 98E2249C1FF5C20A00D5443F /* SlackClone */;
			targetProxy = 98E224BD1FF5C20B00D5443F /* PBXContainerItemProxy */;
		};
/* End PBXTargetDependency section */

/* Begin PBXVariantGroup section */
		98E224A41FF5C20B00D5443F /* Main.storyboard */ = {
			isa = PBXVariantGroup;
			children = (
				98E224A51FF5C20B00D5443F /* Base */,
			);
			name = Main.storyboard;
			sourceTree = "<group>";
		};
		98E224A91FF5C20B00D5443F /* LaunchScreen.storyboard */ = {
			isa = PBXVariantGroup;
			children = (
				98E224AA1FF5C20B00D5443F /* Base */,
			);
			name = LaunchScreen.storyboard;
			sourceTree = "<group>";
		};
/* End PBXVariantGroup section */

/* Begin XCBuildConfiguration section */
		98E224C31FF5C20B00D5443F /* Debug */ = {
			isa = XCBuildConfiguration;
			buildSettings = {
				ALWAYS_SEARCH_USER_PATHS = NO;
				CLANG_ANALYZER_NONNULL = YES;
				CLANG_ANALYZER_NUMBER_OBJECT_CONVERSION = YES_AGGRESSIVE;
				CLANG_CXX_LANGUAGE_STANDARD = "gnu++14";
				CLANG_CXX_LIBRARY = "libc++";
				CLANG_ENABLE_MODULES = YES;
				CLANG_ENABLE_OBJC_ARC = YES;
				CLANG_WARN_BLOCK_CAPTURE_AUTORELEASING = YES;
				CLANG_WARN_BOOL_CONVERSION = YES;
				CLANG_WARN_COMMA = YES;
				CLANG_WARN_CONSTANT_CONVERSION = YES;
				CLANG_WARN_DIRECT_OBJC_ISA_USAGE = YES_ERROR;
				CLANG_WARN_DOCUMENTATION_COMMENTS = YES;
				CLANG_WARN_EMPTY_BODY = YES;
				CLANG_WARN_ENUM_CONVERSION = YES;
				CLANG_WARN_INFINITE_RECURSION = YES;
				CLANG_WARN_INT_CONVERSION = YES;
				CLANG_WARN_NON_LITERAL_NULL_CONVERSION = YES;
				CLANG_WARN_OBJC_LITERAL_CONVERSION = YES;
				CLANG_WARN_OBJC_ROOT_CLASS = YES_ERROR;
				CLANG_WARN_RANGE_LOOP_ANALYSIS = YES;
				CLANG_WARN_STRICT_PROTOTYPES = YES;
				CLANG_WARN_SUSPICIOUS_MOVE = YES;
				CLANG_WARN_UNGUARDED_AVAILABILITY = YES_AGGRESSIVE;
				CLANG_WARN_UNREACHABLE_CODE = YES;
				CLANG_WARN__DUPLICATE_METHOD_MATCH = YES;
				CODE_SIGN_IDENTITY = "iPhone Developer";
				COPY_PHASE_STRIP = NO;
				DEBUG_INFORMATION_FORMAT = dwarf;
				ENABLE_STRICT_OBJC_MSGSEND = YES;
				ENABLE_TESTABILITY = YES;
				GCC_C_LANGUAGE_STANDARD = gnu11;
				GCC_DYNAMIC_NO_PIC = NO;
				GCC_NO_COMMON_BLOCKS = YES;
				GCC_OPTIMIZATION_LEVEL = 0;
				GCC_PREPROCESSOR_DEFINITIONS = (
					"DEBUG=1",
					"$(inherited)",
				);
				GCC_WARN_64_TO_32_BIT_CONVERSION = YES;
				GCC_WARN_ABOUT_RETURN_TYPE = YES_ERROR;
				GCC_WARN_UNDECLARED_SELECTOR = YES;
				GCC_WARN_UNINITIALIZED_AUTOS = YES_AGGRESSIVE;
				GCC_WARN_UNUSED_FUNCTION = YES;
				GCC_WARN_UNUSED_VARIABLE = YES;
				IPHONEOS_DEPLOYMENT_TARGET = 11.2;
				MTL_ENABLE_DEBUG_INFO = YES;
				ONLY_ACTIVE_ARCH = YES;
				SDKROOT = iphoneos;
				SWIFT_ACTIVE_COMPILATION_CONDITIONS = DEBUG;
				SWIFT_OPTIMIZATION_LEVEL = "-Onone";
			};
			name = Debug;
		};
		98E224C41FF5C20B00D5443F /* Release */ = {
			isa = XCBuildConfiguration;
			buildSettings = {
				ALWAYS_SEARCH_USER_PATHS = NO;
				CLANG_ANALYZER_NONNULL = YES;
				CLANG_ANALYZER_NUMBER_OBJECT_CONVERSION = YES_AGGRESSIVE;
				CLANG_CXX_LANGUAGE_STANDARD = "gnu++14";
				CLANG_CXX_LIBRARY = "libc++";
				CLANG_ENABLE_MODULES = YES;
				CLANG_ENABLE_OBJC_ARC = YES;
				CLANG_WARN_BLOCK_CAPTURE_AUTORELEASING = YES;
				CLANG_WARN_BOOL_CONVERSION = YES;
				CLANG_WARN_COMMA = YES;
				CLANG_WARN_CONSTANT_CONVERSION = YES;
				CLANG_WARN_DIRECT_OBJC_ISA_USAGE = YES_ERROR;
				CLANG_WARN_DOCUMENTATION_COMMENTS = YES;
				CLANG_WARN_EMPTY_BODY = YES;
				CLANG_WARN_ENUM_CONVERSION = YES;
				CLANG_WARN_INFINITE_RECURSION = YES;
				CLANG_WARN_INT_CONVERSION = YES;
				CLANG_WARN_NON_LITERAL_NULL_CONVERSION = YES;
				CLANG_WARN_OBJC_LITERAL_CONVERSION = YES;
				CLANG_WARN_OBJC_ROOT_CLASS = YES_ERROR;
				CLANG_WARN_RANGE_LOOP_ANALYSIS = YES;
				CLANG_WARN_STRICT_PROTOTYPES = YES;
				CLANG_WARN_SUSPICIOUS_MOVE = YES;
				CLANG_WARN_UNGUARDED_AVAILABILITY = YES_AGGRESSIVE;
				CLANG_WARN_UNREACHABLE_CODE = YES;
				CLANG_WARN__DUPLICATE_METHOD_MATCH = YES;
				CODE_SIGN_IDENTITY = "iPhone Developer";
				COPY_PHASE_STRIP = NO;
				DEBUG_INFORMATION_FORMAT = "dwarf-with-dsym";
				ENABLE_NS_ASSERTIONS = NO;
				ENABLE_STRICT_OBJC_MSGSEND = YES;
				GCC_C_LANGUAGE_STANDARD = gnu11;
				GCC_NO_COMMON_BLOCKS = YES;
				GCC_WARN_64_TO_32_BIT_CONVERSION = YES;
				GCC_WARN_ABOUT_RETURN_TYPE = YES_ERROR;
				GCC_WARN_UNDECLARED_SELECTOR = YES;
				GCC_WARN_UNINITIALIZED_AUTOS = YES_AGGRESSIVE;
				GCC_WARN_UNUSED_FUNCTION = YES;
				GCC_WARN_UNUSED_VARIABLE = YES;
				IPHONEOS_DEPLOYMENT_TARGET = 11.2;
				MTL_ENABLE_DEBUG_INFO = NO;
				SDKROOT = iphoneos;
				SWIFT_OPTIMIZATION_LEVEL = "-Owholemodule";
				VALIDATE_PRODUCT = YES;
			};
			name = Release;
		};
		98E224C61FF5C20B00D5443F /* Debug */ = {
			isa = XCBuildConfiguration;
			baseConfigurationReference = 0F392A79A5ED37CD4985A6C4 /* Pods-SlackClone.debug.xcconfig */;
			buildSettings = {
				ASSETCATALOG_COMPILER_APPICON_NAME = AppIcon;
				CLANG_ENABLE_MODULES = YES;
				CODE_SIGN_STYLE = Automatic;
				DEVELOPMENT_TEAM = DSX523G48J;
				INFOPLIST_FILE = SlackClone/Info.plist;
				IPHONEOS_DEPLOYMENT_TARGET = 11.1;
				LD_RUNPATH_SEARCH_PATHS = "$(inherited) @executable_path/Frameworks";
				PRODUCT_BUNDLE_IDENTIFIER = com.ruberapps.SlackClone;
				PRODUCT_NAME = "$(TARGET_NAME)";
				SWIFT_OBJC_BRIDGING_HEADER = "SlackClone/Supporting Files/SlackClone-Bridging-Header.h";
				SWIFT_OPTIMIZATION_LEVEL = "-Onone";
				SWIFT_VERSION = 4.0;
				TARGETED_DEVICE_FAMILY = "1,2";
			};
			name = Debug;
		};
		98E224C71FF5C20B00D5443F /* Release */ = {
			isa = XCBuildConfiguration;
			baseConfigurationReference = 65C00978C49E1522FE2C6AF2 /* Pods-SlackClone.release.xcconfig */;
			buildSettings = {
				ASSETCATALOG_COMPILER_APPICON_NAME = AppIcon;
				CLANG_ENABLE_MODULES = YES;
				CODE_SIGN_STYLE = Automatic;
				DEVELOPMENT_TEAM = DSX523G48J;
				INFOPLIST_FILE = SlackClone/Info.plist;
				IPHONEOS_DEPLOYMENT_TARGET = 11.1;
				LD_RUNPATH_SEARCH_PATHS = "$(inherited) @executable_path/Frameworks";
				PRODUCT_BUNDLE_IDENTIFIER = com.ruberapps.SlackClone;
				PRODUCT_NAME = "$(TARGET_NAME)";
				SWIFT_OBJC_BRIDGING_HEADER = "SlackClone/Supporting Files/SlackClone-Bridging-Header.h";
				SWIFT_VERSION = 4.0;
				TARGETED_DEVICE_FAMILY = "1,2";
			};
			name = Release;
		};
		98E224C91FF5C20B00D5443F /* Debug */ = {
			isa = XCBuildConfiguration;
			baseConfigurationReference = E9CB75A3D12DB56E32DF9DDB /* Pods-SlackCloneTests.debug.xcconfig */;
			buildSettings = {
				ALWAYS_EMBED_SWIFT_STANDARD_LIBRARIES = YES;
				BUNDLE_LOADER = "$(TEST_HOST)";
				CODE_SIGN_STYLE = Automatic;
				DEVELOPMENT_TEAM = DSX523G48J;
				INFOPLIST_FILE = SlackCloneTests/Info.plist;
				LD_RUNPATH_SEARCH_PATHS = "$(inherited) @executable_path/Frameworks @loader_path/Frameworks";
				PRODUCT_BUNDLE_IDENTIFIER = com.ruberapps.SlackCloneTests;
				PRODUCT_NAME = "$(TARGET_NAME)";
				SWIFT_VERSION = 4.0;
				TARGETED_DEVICE_FAMILY = "1,2";
				TEST_HOST = "$(BUILT_PRODUCTS_DIR)/SlackClone.app/SlackClone";
			};
			name = Debug;
		};
		98E224CA1FF5C20B00D5443F /* Release */ = {
			isa = XCBuildConfiguration;
			baseConfigurationReference = F7F0C286E239E2CB68E2E16A /* Pods-SlackCloneTests.release.xcconfig */;
			buildSettings = {
				ALWAYS_EMBED_SWIFT_STANDARD_LIBRARIES = YES;
				BUNDLE_LOADER = "$(TEST_HOST)";
				CODE_SIGN_STYLE = Automatic;
				DEVELOPMENT_TEAM = DSX523G48J;
				INFOPLIST_FILE = SlackCloneTests/Info.plist;
				LD_RUNPATH_SEARCH_PATHS = "$(inherited) @executable_path/Frameworks @loader_path/Frameworks";
				PRODUCT_BUNDLE_IDENTIFIER = com.ruberapps.SlackCloneTests;
				PRODUCT_NAME = "$(TARGET_NAME)";
				SWIFT_VERSION = 4.0;
				TARGETED_DEVICE_FAMILY = "1,2";
				TEST_HOST = "$(BUILT_PRODUCTS_DIR)/SlackClone.app/SlackClone";
			};
			name = Release;
		};
		98E224CC1FF5C20B00D5443F /* Debug */ = {
			isa = XCBuildConfiguration;
			baseConfigurationReference = A1C236C21E93240E5224B4C8 /* Pods-SlackCloneUITests.debug.xcconfig */;
			buildSettings = {
				ALWAYS_EMBED_SWIFT_STANDARD_LIBRARIES = YES;
				CODE_SIGN_STYLE = Automatic;
				DEVELOPMENT_TEAM = DSX523G48J;
				INFOPLIST_FILE = SlackCloneUITests/Info.plist;
				LD_RUNPATH_SEARCH_PATHS = "$(inherited) @executable_path/Frameworks @loader_path/Frameworks";
				PRODUCT_BUNDLE_IDENTIFIER = com.ruberapps.SlackCloneUITests;
				PRODUCT_NAME = "$(TARGET_NAME)";
				SWIFT_VERSION = 4.0;
				TARGETED_DEVICE_FAMILY = "1,2";
				TEST_TARGET_NAME = SlackClone;
			};
			name = Debug;
		};
		98E224CD1FF5C20B00D5443F /* Release */ = {
			isa = XCBuildConfiguration;
			baseConfigurationReference = C32AA68247DCED0F6FAC38A0 /* Pods-SlackCloneUITests.release.xcconfig */;
			buildSettings = {
				ALWAYS_EMBED_SWIFT_STANDARD_LIBRARIES = YES;
				CODE_SIGN_STYLE = Automatic;
				DEVELOPMENT_TEAM = DSX523G48J;
				INFOPLIST_FILE = SlackCloneUITests/Info.plist;
				LD_RUNPATH_SEARCH_PATHS = "$(inherited) @executable_path/Frameworks @loader_path/Frameworks";
				PRODUCT_BUNDLE_IDENTIFIER = com.ruberapps.SlackCloneUITests;
				PRODUCT_NAME = "$(TARGET_NAME)";
				SWIFT_VERSION = 4.0;
				TARGETED_DEVICE_FAMILY = "1,2";
				TEST_TARGET_NAME = SlackClone;
			};
			name = Release;
		};
/* End XCBuildConfiguration section */

/* Begin XCConfigurationList section */
		98E224981FF5C20A00D5443F /* Build configuration list for PBXProject "SlackClone" */ = {
			isa = XCConfigurationList;
			buildConfigurations = (
				98E224C31FF5C20B00D5443F /* Debug */,
				98E224C41FF5C20B00D5443F /* Release */,
			);
			defaultConfigurationIsVisible = 0;
			defaultConfigurationName = Release;
		};
		98E224C51FF5C20B00D5443F /* Build configuration list for PBXNativeTarget "SlackClone" */ = {
			isa = XCConfigurationList;
			buildConfigurations = (
				98E224C61FF5C20B00D5443F /* Debug */,
				98E224C71FF5C20B00D5443F /* Release */,
			);
			defaultConfigurationIsVisible = 0;
			defaultConfigurationName = Release;
		};
		98E224C81FF5C20B00D5443F /* Build configuration list for PBXNativeTarget "SlackCloneTests" */ = {
			isa = XCConfigurationList;
			buildConfigurations = (
				98E224C91FF5C20B00D5443F /* Debug */,
				98E224CA1FF5C20B00D5443F /* Release */,
			);
			defaultConfigurationIsVisible = 0;
			defaultConfigurationName = Release;
		};
		98E224CB1FF5C20B00D5443F /* Build configuration list for PBXNativeTarget "SlackCloneUITests" */ = {
			isa = XCConfigurationList;
			buildConfigurations = (
				98E224CC1FF5C20B00D5443F /* Debug */,
				98E224CD1FF5C20B00D5443F /* Release */,
			);
			defaultConfigurationIsVisible = 0;
			defaultConfigurationName = Release;
		};
/* End XCConfigurationList section */
	};
	rootObject = 98E224951FF5C20A00D5443F /* Project object */;
}
